
Microsoft Visual Studio Solution File, Format Version 12.00
# Visual Studio 15
VisualStudioVersion = 15.0.28307.1972
MinimumVisualStudioVersion = 10.0.40219.1
Project("{FAE04EC0-301F-11D3-BF4B-00C04F79EFBC}") = "DJetronicStudio", "DJetronicStudio.csproj", "{BA3A991A-5CDF-4979-83F4-CDE791726FCC}"
EndProject
Global
	GlobalSection(SolutionConfigurationPlatforms) = preSolution
		Debug|x64 = Debug|x64
		Debug|x86 = Debug|x86
		Release|x64 = Release|x64
		Release|x86 = Release|x86
	EndGlobalSection
	GlobalSection(ProjectConfigurationPlatforms) = postSolution
		{BA3A991A-5CDF-4979-83F4-CDE791726FCC}.Debug|x64.ActiveCfg = Debug|x64
		{BA3A991A-5CDF-4979-83F4-CDE791726FCC}.Debug|x64.Build.0 = Debug|x64
		{BA3A991A-5CDF-4979-83F4-CDE791726FCC}.Debug|x86.ActiveCfg = Debug|x86
		{BA3A991A-5CDF-4979-83F4-CDE791726FCC}.Debug|x86.Build.0 = Debug|x86
		{BA3A991A-5CDF-4979-83F4-CDE791726FCC}.Release|x64.ActiveCfg = Release|x64
		{BA3A991A-5CDF-4979-83F4-CDE791726FCC}.Release|x64.Build.0 = Release|x64
		{BA3A991A-5CDF-4979-83F4-CDE791726FCC}.Release|x86.ActiveCfg = Release|x86
		{BA3A991A-5CDF-4979-83F4-CDE791726FCC}.Release|x86.Build.0 = Release|x86
	EndGlobalSection
	GlobalSection(SolutionProperties) = preSolution
		HideSolutionNode = FALSE
	EndGlobalSection
	GlobalSection(ExtensibilityGlobals) = postSolution
		SolutionGuid = {D617CB54-9353-41FE-AC9C-2C4AEA5B4794}
	EndGlobalSection
EndGlobal
